{
  "name": "capstone-interface",
  "version": "1.0.0",
  "lockfileVersion": 1,
  "requires": true,
  "dependencies": {
    "@types/pikaday": {
      "version": "1.7.4",
      "resolved": "https://registry.npmjs.org/@types/pikaday/-/pikaday-1.7.4.tgz",
      "integrity": "sha512-0KsHVyw5pTG829nqG4IRu7m+BFQlFEBdbE/1i3S5182HeKUKv1uEW0gyEmkJVp5i4IV+9pyh23O83+KpRkSQbw==",
      "requires": {
        "moment": ">=2.14.0"
      }
    },
    "bignumber.js": {
      "version": "8.1.1",
      "resolved": "https://registry.npmjs.org/bignumber.js/-/bignumber.js-8.1.1.tgz",
      "integrity": "sha512-QD46ppGintwPGuL1KqmwhR0O+N2cZUg8JG/VzwI2e28sM9TqHjQB10lI4QAaMHVbLzwVLLAwEglpKPViWX+5NQ=="
    },
    "chart.js": {
      "version": "2.9.3",
      "resolved": "https://registry.npmjs.org/chart.js/-/chart.js-2.9.3.tgz",
      "integrity": "sha512-+2jlOobSk52c1VU6fzkh3UwqHMdSlgH1xFv9FKMqHiNCpXsGPQa/+81AFa+i3jZ253Mq9aAycPwDjnn1XbRNNw==",
      "requires": {
        "chartjs-color": "^2.1.0",
        "moment": "^2.10.2"
      }
    },
    "chartjs-color": {
      "version": "2.4.1",
      "resolved": "https://registry.npmjs.org/chartjs-color/-/chartjs-color-2.4.1.tgz",
      "integrity": "sha512-haqOg1+Yebys/Ts/9bLo/BqUcONQOdr/hoEr2LLTRl6C5LXctUdHxsCYfvQVg5JIxITrfCNUDr4ntqmQk9+/0w==",
      "requires": {
        "chartjs-color-string": "^0.6.0",
        "color-convert": "^1.9.3"
      }
    },
    "chartjs-color-string": {
      "version": "0.6.0",
      "resolved": "https://registry.npmjs.org/chartjs-color-string/-/chartjs-color-string-0.6.0.tgz",
      "integrity": "sha512-TIB5OKn1hPJvO7JcteW4WY/63v6KwEdt6udfnDE9iCAZgy+V4SrbSxoIbTw/xkUIapjEI4ExGtD0+6D3KyFd7A==",
      "requires": {
        "color-name": "^1.0.0"
      }
    },
    "chartjs-plugin-datalabels": {
      "version": "0.7.0",
      "resolved": "https://registry.npmjs.org/chartjs-plugin-datalabels/-/chartjs-plugin-datalabels-0.7.0.tgz",
      "integrity": "sha512-PKVUX14nYhH0wcdCpgOoC39Gbzvn6cZ7O9n+bwc02yKD9FTnJ7/TSrBcfebmolFZp1Rcicr9xbT0a5HUbigS7g=="
    },
    "chevrotain": {
      "version": "6.5.0",
      "resolved": "https://registry.npmjs.org/chevrotain/-/chevrotain-6.5.0.tgz",
      "integrity": "sha512-BwqQ/AgmKJ8jcMEjaSnfMybnKMgGTrtDKowfTP3pX4jwVy0kNjRsT/AP6h+wC3+3NC+X8X15VWBnTCQlX+wQFg==",
      "optional": true,
      "requires": {
        "regexp-to-ast": "0.4.0"
      }
    },
    "color-convert": {
      "version": "1.9.3",
      "resolved": "https://registry.npmjs.org/color-convert/-/color-convert-1.9.3.tgz",
      "integrity": "sha512-QfAUtd+vFdAtFQcC8CCyYt1fYWxSqAiK2cSD6zDB8N3cpsEBAvRxp9zOGg6G/SHHJYAT88/az/IuDGALsNVbGg==",
      "requires": {
        "color-name": "1.1.3"
      },
      "dependencies": {
        "color-name": {
          "version": "1.1.3",
          "resolved": "https://registry.npmjs.org/color-name/-/color-name-1.1.3.tgz",
          "integrity": "sha1-p9BVi9icQveV3UIyj3QIMcpTvCU="
        }
      }
    },
    "color-name": {
      "version": "1.1.4",
      "resolved": "https://registry.npmjs.org/color-name/-/color-name-1.1.4.tgz",
      "integrity": "sha512-dOy+3AuW3a2wNbZHIuMZpTcgjGuLU/uBL/ubcZF9OXbDo8ff4O8yVp5Bf0efS8uEoYo5q4Fx7dY9OgQGXgAsQA=="
    },
    "core-js": {
      "version": "3.18.1",
      "resolved": "https://registry.npmjs.org/core-js/-/core-js-3.18.1.tgz",
      "integrity": "sha512-vJlUi/7YdlCZeL6fXvWNaLUPh/id12WXj3MbkMw5uOyF0PfWPBNOCNbs53YqgrvtujLNlt9JQpruyIKkUZ+PKA=="
    },
    "custom-event-polyfill": {
      "version": "1.0.6",
      "resolved": "https://registry.npmjs.org/custom-event-polyfill/-/custom-event-polyfill-1.0.6.tgz",
      "integrity": "sha512-3FxpFlzGcHrDykwWu+xWVXZ8PfykM/9/bI3zXb953sh+AjInZWcQmrnmvPoZgiqNjmbtTm10PWvYqvRW527x6g=="
    },
    "dompurify": {
      "version": "2.3.3",
      "resolved": "https://registry.npmjs.org/dompurify/-/dompurify-2.3.3.tgz",
      "integrity": "sha512-dqnqRkPMAjOZE0FogZ+ceJNM2dZ3V/yNOuFB7+39qpO93hHhfRpHw3heYQC7DPK9FqbQTfBKUJhiSfz4MvXYwg=="
    },
    "easydropdown": {
      "version": "4.2.0",
      "resolved": "https://registry.npmjs.org/easydropdown/-/easydropdown-4.2.0.tgz",
      "integrity": "sha512-oicfb/8VT2e9s1nCqzBEB2qCXvuJl4nQnHT6ej+HG8Ot6vNkymxKOL9qE1G4h2uMe16xFW9NF1/WiOIF6yX00g==",
      "requires": {
        "custom-event-polyfill": "1.0.6",
        "helpful-merge": "0.2.0"
      }
    },
    "handsontable": {
      "version": "10.0.0",
      "resolved": "https://registry.npmjs.org/handsontable/-/handsontable-10.0.0.tgz",
      "integrity": "sha512-h59wvFTzF7Qkc+KVE6MaZTa4Ww+jAnkhIiQFGsE2OcQa/u2Rd1ly2K1gPA82dqZhWDGGRrJAo8jLBQixJbHxPQ==",
      "requires": {
        "@types/pikaday": "1.7.4",
        "core-js": "^3.0.0",
        "dompurify": "^2.1.1",
        "hyperformula": "^1.2.0",
        "moment": "2.24.0",
        "numbro": "2.1.2",
        "pikaday": "1.8.0"
      },
      "dependencies": {
        "moment": {
          "version": "2.24.0",
          "resolved": "https://registry.npmjs.org/moment/-/moment-2.24.0.tgz",
          "integrity": "sha512-bV7f+6l2QigeBBZSM/6yTNq4P2fNpSWj/0e7jQcy87A8e7o2nAfP/34/2ky5Vw4B9S446EtIhodAzkFCcR4dQg=="
        }
      }
    },
    "helpful-merge": {
      "version": "0.2.0",
      "resolved": "https://registry.npmjs.org/helpful-merge/-/helpful-merge-0.2.0.tgz",
      "integrity": "sha512-lqbBl4TU15okBJ4C8hx7PBEcqtaxxsWLOypdhpsZbRvBTaibNqTXWpG6W59S0FTBeL7hx3K4MXdz8EJVcZ3CCQ=="
    },
    "hyperformula": {
      "version": "1.2.0",
      "resolved": "https://registry.npmjs.org/hyperformula/-/hyperformula-1.2.0.tgz",
      "integrity": "sha512-beBM3MICTPr4U7ppr1Z9eVOyp1Xh7INnil052ZHM/8xwVaLDMlZ+VFRvor4CzouiZlnAZs0PmiwX3k40voxGIA==",
      "optional": true,
      "requires": {
        "chevrotain": "^6.5.0",
        "core-js": "^3.6.4",
        "regenerator-runtime": "^0.13.3",
        "tiny-emitter": "^2.1.0",
        "unorm": "^1.6.0"
      }
    },
    "moment": {
      "version": "2.26.0",
      "resolved": "https://registry.npmjs.org/moment/-/moment-2.26.0.tgz",
      "integrity": "sha512-oIixUO+OamkUkwjhAVE18rAMfRJNsNe/Stid/gwHSOfHrOtw9EhAY2AHvdKZ/k/MggcYELFCJz/Sn2pL8b8JMw=="
    },
    "numbro": {
      "version": "2.1.2",
      "resolved": "https://registry.npmjs.org/numbro/-/numbro-2.1.2.tgz",
      "integrity": "sha512-7w833BxZmKGLE9HI0aREtNVRVH6WTYUUlWf4qgA5gKNhPQ4F/MRZ14sc0v8eoLORprk9ZTVwYaLwj8N3Zgxwiw==",
      "requires": {
        "bignumber.js": "^8.0.1"
      }
    },
    "pikaday": {
      "version": "1.8.0",
      "resolved": "https://registry.npmjs.org/pikaday/-/pikaday-1.8.0.tgz",
      "integrity": "sha512-SgGxMYX0NHj9oQnMaSyAipr2gOrbB4Lfs/TJTb6H6hRHs39/5c5VZi73Q8hr53+vWjdn6HzkWcj8Vtl3c9ziaA=="
    },
    "regenerator-runtime": {
      "version": "0.13.9",
      "resolved": "https://registry.npmjs.org/regenerator-runtime/-/regenerator-runtime-0.13.9.tgz",
      "integrity": "sha512-p3VT+cOEgxFsRRA9X4lkI1E+k2/CtnKtU4gcxyaCUreilL/vqI6CdZ3wxVUx3UOUg+gnUOQQcRI7BmSI656MYA==",
      "optional": true
    },
    "regexp-to-ast": {
      "version": "0.4.0",
      "resolved": "https://registry.npmjs.org/regexp-to-ast/-/regexp-to-ast-0.4.0.tgz",
      "integrity": "sha512-4qf/7IsIKfSNHQXSwial1IFmfM1Cc/whNBQqRwe0V2stPe7KmN1U0tWQiIx6JiirgSrisjE0eECdNf7Tav1Ntw==",
      "optional": true
    },
    "tiny-emitter": {
      "version": "2.1.0",
      "resolved": "https://registry.npmjs.org/tiny-emitter/-/tiny-emitter-2.1.0.tgz",
      "integrity": "sha512-NB6Dk1A9xgQPMoGqC5CVXn123gWyte215ONT5Pp5a0yt4nlEoO1ZWeCwpncaekPHXO60i47ihFnZPiRPjRMq4Q==",
      "optional": true
    },
    "unorm": {
      "version": "1.6.0",
      "resolved": "https://registry.npmjs.org/unorm/-/unorm-1.6.0.tgz",
      "integrity": "sha512-b2/KCUlYZUeA7JFUuRJZPUtr4gZvBh7tavtv4fvk4+KV9pfGiR6CQAQAWl49ZpR3ts2dk4FYkP7EIgDJoiOLDA==",
      "optional": true
    }
  }
}
